
Microsoft Visual Studio Solution File, Format Version 12.00
Project("{FAE04EC0-301F-11D3-BF4B-00C04F79EFBC}") = "WorkerSimulator", "WorkerSimulator\WorkerSimulator.csproj", "{400BC33F-4995-49F7-87CB-989B6AF854DB}"
EndProject
Global
	GlobalSection(SolutionConfigurationPlatforms) = preSolution
		Debug|Any CPU = Debug|Any CPU
		Release|Any CPU = Release|Any CPU
	EndGlobalSection
	GlobalSection(ProjectConfigurationPlatforms) = postSolution
		{400BC33F-4995-49F7-87CB-989B6AF854DB}.Debug|Any CPU.ActiveCfg = Debug|Any CPU
		{400BC33F-4995-49F7-87CB-989B6AF854DB}.Debug|Any CPU.Build.0 = Debug|Any CPU
		{400BC33F-4995-49F7-87CB-989B6AF854DB}.Release|Any CPU.ActiveCfg = Release|Any CPU
		{400BC33F-4995-49F7-87CB-989B6AF854DB}.Release|Any CPU.Build.0 = Release|Any CPU
	EndGlobalSection
EndGlobal
